Microsoft Visual Studio Solution File, Format Version 12.00
# Visual Studio 2013
VisualStudioVersion = 12.0.30501.0
MinimumVisualStudioVersion = 10.0.40219.1
Project("{F184B08F-C81C-45F6-A57F-5ABD9991F28F}") = "NavBarAndPrism.SL", "NavBarAndPrism\NavBarAndPrism.SL.vbproj", "{CDD11ED3-EF8D-4E82-9EFB-EA97E44C28BD}"
EndProject
Project("{F184B08F-C81C-45F6-A57F-5ABD9991F28F}") = "NavBarAndPrism.Web", "NavBarAndPrism.Web\NavBarAndPrism.Web.vbproj", "{C2CAC43E-21F8-492F-9D68-5FD8026DBD43}"
EndProject
Project("{F184B08F-C81C-45F6-A57F-5ABD9991F28F}") = "NavBarAndPrism.ModuleA.SL", "NavBarAndPrism.ModuleA\NavBarAndPrism.ModuleA.SL.vbproj", "{0FB13C63-16A1-4C36-86F8-B8C7BAF44F0C}"
EndProject
Project("{F184B08F-C81C-45F6-A57F-5ABD9991F28F}") = "NavBarAndPrism.ModuleB.SL", "NavBarAndPrism.ModuleB\NavBarAndPrism.ModuleB.SL.vbproj", "{0C42764D-0D81-49F2-9C7C-9E3E86A7EDA1}"
EndProject
Global
	GlobalSection(SolutionConfigurationPlatforms) = preSolution
		Debug|Any CPU = Debug|Any CPU
		Release|Any CPU = Release|Any CPU
	EndGlobalSection
	GlobalSection(ProjectConfigurationPlatforms) = postSolution
		{CDD11ED3-EF8D-4E82-9EFB-EA97E44C28BD}.Debug|Any CPU.ActiveCfg = Debug|Any CPU
		{CDD11ED3-EF8D-4E82-9EFB-EA97E44C28BD}.Debug|Any CPU.Build.0 = Debug|Any CPU
		{CDD11ED3-EF8D-4E82-9EFB-EA97E44C28BD}.Release|Any CPU.ActiveCfg = Release|Any CPU
		{CDD11ED3-EF8D-4E82-9EFB-EA97E44C28BD}.Release|Any CPU.Build.0 = Release|Any CPU
		{C2CAC43E-21F8-492F-9D68-5FD8026DBD43}.Debug|Any CPU.ActiveCfg = Debug|Any CPU
		{C2CAC43E-21F8-492F-9D68-5FD8026DBD43}.Debug|Any CPU.Build.0 = Debug|Any CPU
		{C2CAC43E-21F8-492F-9D68-5FD8026DBD43}.Release|Any CPU.ActiveCfg = Release|Any CPU
		{C2CAC43E-21F8-492F-9D68-5FD8026DBD43}.Release|Any CPU.Build.0 = Release|Any CPU
		{0FB13C63-16A1-4C36-86F8-B8C7BAF44F0C}.Debug|Any CPU.ActiveCfg = Debug|Any CPU
		{0FB13C63-16A1-4C36-86F8-B8C7BAF44F0C}.Debug|Any CPU.Build.0 = Debug|Any CPU
		{0FB13C63-16A1-4C36-86F8-B8C7BAF44F0C}.Release|Any CPU.ActiveCfg = Release|Any CPU
		{0FB13C63-16A1-4C36-86F8-B8C7BAF44F0C}.Release|Any CPU.Build.0 = Release|Any CPU
		{0C42764D-0D81-49F2-9C7C-9E3E86A7EDA1}.Debug|Any CPU.ActiveCfg = Debug|Any CPU
		{0C42764D-0D81-49F2-9C7C-9E3E86A7EDA1}.Debug|Any CPU.Build.0 = Debug|Any CPU
		{0C42764D-0D81-49F2-9C7C-9E3E86A7EDA1}.Release|Any CPU.ActiveCfg = Release|Any CPU
		{0C42764D-0D81-49F2-9C7C-9E3E86A7EDA1}.Release|Any CPU.Build.0 = Release|Any CPU
	EndGlobalSection
	GlobalSection(SolutionProperties) = preSolution
		HideSolutionNode = FALSE
	EndGlobalSection
EndGlobal
